Microsoft Visual Studio Solution File, Format Version 12.00
# Visual Studio Version 17
VisualStudioVersion = 17.5.2.0
MinimumVisualStudioVersion = 10.0.40219.1
Project("{FAE04EC0-301F-11D3-BF4B-00C04F79EFBC}") = "GirlsNames", "GirlsNames.csproj", "{8C379DA0-98D4-5071-733E-965D287CCB96}"
EndProject
Global
	GlobalSection(SolutionConfigurationPlatforms) = preSolution
		Debug|Any CPU = Debug|Any CPU
		Release|Any CPU = Release|Any CPU
	EndGlobalSection
	GlobalSection(ProjectConfigurationPlatforms) = postSolution
		{8C379DA0-98D4-5071-733E-965D287CCB96}.Debug|Any CPU.ActiveCfg = Debug|Any CPU
		{8C379DA0-98D4-5071-733E-965D287CCB96}.Debug|Any CPU.Build.0 = Debug|Any CPU
		{8C379DA0-98D4-5071-733E-965D287CCB96}.Release|Any CPU.ActiveCfg = Release|Any CPU
		{8C379DA0-98D4-5071-733E-965D287CCB96}.Release|Any CPU.Build.0 = Release|Any CPU
	EndGlobalSection
	GlobalSection(SolutionProperties) = preSolution
		HideSolutionNode = FALSE
	EndGlobalSection
	GlobalSection(ExtensibilityGlobals) = postSolution
		SolutionGuid = {CB36B986-D268-4A7D-9D57-EEBF135F5153}
	EndGlobalSection
EndGlobal
