Microsoft Visual Studio Solution File, Format Version 12.00
# Visual Studio Version 17
VisualStudioVersion = 17.5.2.0
MinimumVisualStudioVersion = 10.0.40219.1
Project("{FAE04EC0-301F-11D3-BF4B-00C04F79EFBC}") = "Countdown", "Countdown.csproj", "{E4D229D1-8488-C731-4FA4-2EF56E9DCA26}"
EndProject
Global
	GlobalSection(SolutionConfigurationPlatforms) = preSolution
		Debug|Any CPU = Debug|Any CPU
		Release|Any CPU = Release|Any CPU
	EndGlobalSection
	GlobalSection(ProjectConfigurationPlatforms) = postSolution
		{E4D229D1-8488-C731-4FA4-2EF56E9DCA26}.Debug|Any CPU.ActiveCfg = Debug|Any CPU
		{E4D229D1-8488-C731-4FA4-2EF56E9DCA26}.Debug|Any CPU.Build.0 = Debug|Any CPU
		{E4D229D1-8488-C731-4FA4-2EF56E9DCA26}.Release|Any CPU.ActiveCfg = Release|Any CPU
		{E4D229D1-8488-C731-4FA4-2EF56E9DCA26}.Release|Any CPU.Build.0 = Release|Any CPU
	EndGlobalSection
	GlobalSection(SolutionProperties) = preSolution
		HideSolutionNode = FALSE
	EndGlobalSection
	GlobalSection(ExtensibilityGlobals) = postSolution
		SolutionGuid = {6E4661F4-E99C-4EBC-904E-AC9CCEFFD9D3}
	EndGlobalSection
EndGlobal
